
Microsoft Visual Studio Solution File, Format Version 12.00
# Visual Studio Version 17
VisualStudioVersion = 17.2.32616.157
MinimumVisualStudioVersion = 10.0.40219.1
Project("{FAE04EC0-301F-11D3-BF4B-00C04F79EFBC}") = "ProjetoFinaceiro", "ProjetoFinaceiro\ProjetoFinaceiro.csproj", "{B979B8D5-939D-4798-ACF7-FE619FC0DE1D}"
EndProject
Global
	GlobalSection(SolutionConfigurationPlatforms) = preSolution
		Debug|Any CPU = Debug|Any CPU
		Release|Any CPU = Release|Any CPU
	EndGlobalSection
	GlobalSection(ProjectConfigurationPlatforms) = postSolution
		{B979B8D5-939D-4798-ACF7-FE619FC0DE1D}.Debug|Any CPU.ActiveCfg = Debug|Any CPU
		{B979B8D5-939D-4798-ACF7-FE619FC0DE1D}.Debug|Any CPU.Build.0 = Debug|Any CPU
		{B979B8D5-939D-4798-ACF7-FE619FC0DE1D}.Release|Any CPU.ActiveCfg = Release|Any CPU
		{B979B8D5-939D-4798-ACF7-FE619FC0DE1D}.Release|Any CPU.Build.0 = Release|Any CPU
	EndGlobalSection
	GlobalSection(SolutionProperties) = preSolution
		HideSolutionNode = FALSE
	EndGlobalSection
	GlobalSection(ExtensibilityGlobals) = postSolution
		SolutionGuid = {1D58A60A-D6D2-48F4-A5BC-0A7B4801DD74}
	EndGlobalSection
EndGlobal
